
Microsoft Visual Studio Solution File, Format Version 12.00
# Visual Studio 15
VisualStudioVersion = 15.0.28307.168
MinimumVisualStudioVersion = 10.0.40219.1
Project("{FAE04EC0-301F-11D3-BF4B-00C04F79EFBC}") = "Calculator", "Calculator\Calculator.csproj", "{F2BD6B55-A5E7-4684-80AF-06BCD434952D}"
EndProject
Project("{FAE04EC0-301F-11D3-BF4B-00C04F79EFBC}") = "CalcTestProject", "CalcTestProject\CalcTestProject.csproj", "{1C26A99E-2FF1-4C84-8DA9-0A4032981885}"
EndProject
Global
	GlobalSection(SolutionConfigurationPlatforms) = preSolution
		Debug|Any CPU = Debug|Any CPU
		Release|Any CPU = Release|Any CPU
	EndGlobalSection
	GlobalSection(ProjectConfigurationPlatforms) = postSolution
		{F2BD6B55-A5E7-4684-80AF-06BCD434952D}.Debug|Any CPU.ActiveCfg = Debug|Any CPU
		{F2BD6B55-A5E7-4684-80AF-06BCD434952D}.Debug|Any CPU.Build.0 = Debug|Any CPU
		{F2BD6B55-A5E7-4684-80AF-06BCD434952D}.Release|Any CPU.ActiveCfg = Release|Any CPU
		{F2BD6B55-A5E7-4684-80AF-06BCD434952D}.Release|Any CPU.Build.0 = Release|Any CPU
		{1C26A99E-2FF1-4C84-8DA9-0A4032981885}.Debug|Any CPU.ActiveCfg = Debug|Any CPU
		{1C26A99E-2FF1-4C84-8DA9-0A4032981885}.Debug|Any CPU.Build.0 = Debug|Any CPU
		{1C26A99E-2FF1-4C84-8DA9-0A4032981885}.Release|Any CPU.ActiveCfg = Release|Any CPU
		{1C26A99E-2FF1-4C84-8DA9-0A4032981885}.Release|Any CPU.Build.0 = Release|Any CPU
	EndGlobalSection
	GlobalSection(SolutionProperties) = preSolution
		HideSolutionNode = FALSE
	EndGlobalSection
	GlobalSection(ExtensibilityGlobals) = postSolution
		SolutionGuid = {29DAED23-8A4C-4413-9D29-03FA4C4C5C11}
	EndGlobalSection
EndGlobal
